
Microsoft Visual Studio Solution File, Format Version 12.00
# Visual Studio Version 17
VisualStudioVersion = 17.13.35825.156 d17.13
MinimumVisualStudioVersion = 10.0.40219.1
Project("{FAE04EC0-301F-11D3-BF4B-00C04F79EFBC}") = "BackendProject2", "BackendProject2.csproj", "{2FFC8DB3-E641-48EB-A526-89C5AC425DCA}"
EndProject
Global
	GlobalSection(SolutionConfigurationPlatforms) = preSolution
		Debug|Any CPU = Debug|Any CPU
		Release|Any CPU = Release|Any CPU
	EndGlobalSection
	GlobalSection(ProjectConfigurationPlatforms) = postSolution
		{2FFC8DB3-E641-48EB-A526-89C5AC425DCA}.Debug|Any CPU.ActiveCfg = Debug|Any CPU
		{2FFC8DB3-E641-48EB-A526-89C5AC425DCA}.Debug|Any CPU.Build.0 = Debug|Any CPU
		{2FFC8DB3-E641-48EB-A526-89C5AC425DCA}.Release|Any CPU.ActiveCfg = Release|Any CPU
		{2FFC8DB3-E641-48EB-A526-89C5AC425DCA}.Release|Any CPU.Build.0 = Release|Any CPU
	EndGlobalSection
	GlobalSection(SolutionProperties) = preSolution
		HideSolutionNode = FALSE
	EndGlobalSection
	GlobalSection(ExtensibilityGlobals) = postSolution
		SolutionGuid = {C048DCC3-8698-4833-8F81-764EC666EA2B}
	EndGlobalSection
EndGlobal
